
Microsoft Visual Studio Solution File, Format Version 12.00
# Visual Studio Version 16
VisualStudioVersion = 16.0.31729.503
MinimumVisualStudioVersion = 10.0.40219.1
Project("{FAE04EC0-301F-11D3-BF4B-00C04F79EFBC}") = "proiect_medii.Android", "proiect_medii\proiect_medii.Android\proiect_medii.Android.csproj", "{21CDB023-D09D-44E0-B633-A0CF3B91206D}"
EndProject
Project("{FAE04EC0-301F-11D3-BF4B-00C04F79EFBC}") = "proiect_medii.iOS", "proiect_medii\proiect_medii.iOS\proiect_medii.iOS.csproj", "{D26BC508-A570-4A5D-B4D4-395F3EFCC0C9}"
EndProject
Project("{FAE04EC0-301F-11D3-BF4B-00C04F79EFBC}") = "proiect_medii", "proiect_medii\proiect_medii\proiect_medii.csproj", "{F3930FE8-485B-47C5-8657-D74B7276B4EB}"
EndProject
Global
	GlobalSection(SolutionConfigurationPlatforms) = preSolution
		Debug|Any CPU = Debug|Any CPU
		Debug|iPhone = Debug|iPhone
		Debug|iPhoneSimulator = Debug|iPhoneSimulator
		Release|Any CPU = Release|Any CPU
		Release|iPhone = Release|iPhone
		Release|iPhoneSimulator = Release|iPhoneSimulator
	EndGlobalSection
	GlobalSection(ProjectConfigurationPlatforms) = postSolution
		{21CDB023-D09D-44E0-B633-A0CF3B91206D}.Debug|Any CPU.ActiveCfg = Debug|Any CPU
		{21CDB023-D09D-44E0-B633-A0CF3B91206D}.Debug|Any CPU.Build.0 = Debug|Any CPU
		{21CDB023-D09D-44E0-B633-A0CF3B91206D}.Debug|Any CPU.Deploy.0 = Debug|Any CPU
		{21CDB023-D09D-44E0-B633-A0CF3B91206D}.Debug|iPhone.ActiveCfg = Debug|Any CPU
		{21CDB023-D09D-44E0-B633-A0CF3B91206D}.Debug|iPhone.Build.0 = Debug|Any CPU
		{21CDB023-D09D-44E0-B633-A0CF3B91206D}.Debug|iPhone.Deploy.0 = Debug|Any CPU
		{21CDB023-D09D-44E0-B633-A0CF3B91206D}.Debug|iPhoneSimulator.ActiveCfg = Debug|Any CPU
		{21CDB023-D09D-44E0-B633-A0CF3B91206D}.Debug|iPhoneSimulator.Build.0 = Debug|Any CPU
		{21CDB023-D09D-44E0-B633-A0CF3B91206D}.Debug|iPhoneSimulator.Deploy.0 = Debug|Any CPU
		{21CDB023-D09D-44E0-B633-A0CF3B91206D}.Release|Any CPU.ActiveCfg = Release|Any CPU
		{21CDB023-D09D-44E0-B633-A0CF3B91206D}.Release|Any CPU.Build.0 = Release|Any CPU
		{21CDB023-D09D-44E0-B633-A0CF3B91206D}.Release|Any CPU.Deploy.0 = Release|Any CPU
		{21CDB023-D09D-44E0-B633-A0CF3B91206D}.Release|iPhone.ActiveCfg = Release|Any CPU
		{21CDB023-D09D-44E0-B633-A0CF3B91206D}.Release|iPhone.Build.0 = Release|Any CPU
		{21CDB023-D09D-44E0-B633-A0CF3B91206D}.Release|iPhone.Deploy.0 = Release|Any CPU
		{21CDB023-D09D-44E0-B633-A0CF3B91206D}.Release|iPhoneSimulator.ActiveCfg = Release|Any CPU
		{21CDB023-D09D-44E0-B633-A0CF3B91206D}.Release|iPhoneSimulator.Build.0 = Release|Any CPU
		{21CDB023-D09D-44E0-B633-A0CF3B91206D}.Release|iPhoneSimulator.Deploy.0 = Release|Any CPU
		{D26BC508-A570-4A5D-B4D4-395F3EFCC0C9}.Debug|Any CPU.ActiveCfg = Debug|iPhone
		{D26BC508-A570-4A5D-B4D4-395F3EFCC0C9}.Debug|Any CPU.Build.0 = Debug|iPhone
		{D26BC508-A570-4A5D-B4D4-395F3EFCC0C9}.Debug|Any CPU.Deploy.0 = Debug|iPhone
		{D26BC508-A570-4A5D-B4D4-395F3EFCC0C9}.Debug|iPhone.ActiveCfg = Debug|iPhone
		{D26BC508-A570-4A5D-B4D4-395F3EFCC0C9}.Debug|iPhone.Build.0 = Debug|iPhone
		{D26BC508-A570-4A5D-B4D4-395F3EFCC0C9}.Debug|iPhone.Deploy.0 = Debug|iPhone
		{D26BC508-A570-4A5D-B4D4-395F3EFCC0C9}.Debug|iPhoneSimulator.ActiveCfg = Debug|iPhoneSimulator
		{D26BC508-A570-4A5D-B4D4-395F3EFCC0C9}.Debug|iPhoneSimulator.Build.0 = Debug|iPhoneSimulator
		{D26BC508-A570-4A5D-B4D4-395F3EFCC0C9}.Debug|iPhoneSimulator.Deploy.0 = Debug|iPhoneSimulator
		{D26BC508-A570-4A5D-B4D4-395F3EFCC0C9}.Release|Any CPU.ActiveCfg = Release|iPhoneSimulator
		{D26BC508-A570-4A5D-B4D4-395F3EFCC0C9}.Release|Any CPU.Build.0 = Release|iPhoneSimulator
		{D26BC508-A570-4A5D-B4D4-395F3EFCC0C9}.Release|Any CPU.Deploy.0 = Release|iPhoneSimulator
		{D26BC508-A570-4A5D-B4D4-395F3EFCC0C9}.Release|iPhone.ActiveCfg = Release|iPhone
		{D26BC508-A570-4A5D-B4D4-395F3EFCC0C9}.Release|iPhone.Build.0 = Release|iPhone
		{D26BC508-A570-4A5D-B4D4-395F3EFCC0C9}.Release|iPhone.Deploy.0 = Release|iPhone
		{D26BC508-A570-4A5D-B4D4-395F3EFCC0C9}.Release|iPhoneSimulator.ActiveCfg = Release|iPhoneSimulator
		{D26BC508-A570-4A5D-B4D4-395F3EFCC0C9}.Release|iPhoneSimulator.Build.0 = Release|iPhoneSimulator
		{D26BC508-A570-4A5D-B4D4-395F3EFCC0C9}.Release|iPhoneSimulator.Deploy.0 = Release|iPhoneSimulator
		{F3930FE8-485B-47C5-8657-D74B7276B4EB}.Debug|Any CPU.ActiveCfg = Debug|Any CPU
		{F3930FE8-485B-47C5-8657-D74B7276B4EB}.Debug|Any CPU.Build.0 = Debug|Any CPU
		{F3930FE8-485B-47C5-8657-D74B7276B4EB}.Debug|Any CPU.Deploy.0 = Debug|Any CPU
		{F3930FE8-485B-47C5-8657-D74B7276B4EB}.Debug|iPhone.ActiveCfg = Debug|Any CPU
		{F3930FE8-485B-47C5-8657-D74B7276B4EB}.Debug|iPhone.Build.0 = Debug|Any CPU
		{F3930FE8-485B-47C5-8657-D74B7276B4EB}.Debug|iPhone.Deploy.0 = Debug|Any CPU
		{F3930FE8-485B-47C5-8657-D74B7276B4EB}.Debug|iPhoneSimulator.ActiveCfg = Debug|Any CPU
		{F3930FE8-485B-47C5-8657-D74B7276B4EB}.Debug|iPhoneSimulator.Build.0 = Debug|Any CPU
		{F3930FE8-485B-47C5-8657-D74B7276B4EB}.Debug|iPhoneSimulator.Deploy.0 = Debug|Any CPU
		{F3930FE8-485B-47C5-8657-D74B7276B4EB}.Release|Any CPU.ActiveCfg = Release|Any CPU
		{F3930FE8-485B-47C5-8657-D74B7276B4EB}.Release|Any CPU.Build.0 = Release|Any CPU
		{F3930FE8-485B-47C5-8657-D74B7276B4EB}.Release|Any CPU.Deploy.0 = Release|Any CPU
		{F3930FE8-485B-47C5-8657-D74B7276B4EB}.Release|iPhone.ActiveCfg = Release|Any CPU
		{F3930FE8-485B-47C5-8657-D74B7276B4EB}.Release|iPhone.Build.0 = Release|Any CPU
		{F3930FE8-485B-47C5-8657-D74B7276B4EB}.Release|iPhone.Deploy.0 = Release|Any CPU
		{F3930FE8-485B-47C5-8657-D74B7276B4EB}.Release|iPhoneSimulator.ActiveCfg = Release|Any CPU
		{F3930FE8-485B-47C5-8657-D74B7276B4EB}.Release|iPhoneSimulator.Build.0 = Release|Any CPU
		{F3930FE8-485B-47C5-8657-D74B7276B4EB}.Release|iPhoneSimulator.Deploy.0 = Release|Any CPU
	EndGlobalSection
	GlobalSection(SolutionProperties) = preSolution
		HideSolutionNode = FALSE
	EndGlobalSection
	GlobalSection(ExtensibilityGlobals) = postSolution
		SolutionGuid = {FFBDA89D-276C-40CC-9DA8-70EC6D915856}
	EndGlobalSection
EndGlobal
